
Microsoft Visual Studio Solution File, Format Version 12.00
# Visual Studio Version 17
VisualStudioVersion = 17.4.33110.190
MinimumVisualStudioVersion = 10.0.40219.1
Project("{FAE04EC0-301F-11D3-BF4B-00C04F79EFBC}") = "av1mod3", "av1mod3\av1mod3.csproj", "{230E1C8E-45AE-4944-8CE3-DA61E6B24E8A}"
EndProject
Global
	GlobalSection(SolutionConfigurationPlatforms) = preSolution
		Debug|Any CPU = Debug|Any CPU
		Release|Any CPU = Release|Any CPU
	EndGlobalSection
	GlobalSection(ProjectConfigurationPlatforms) = postSolution
		{230E1C8E-45AE-4944-8CE3-DA61E6B24E8A}.Debug|Any CPU.ActiveCfg = Debug|Any CPU
		{230E1C8E-45AE-4944-8CE3-DA61E6B24E8A}.Debug|Any CPU.Build.0 = Debug|Any CPU
		{230E1C8E-45AE-4944-8CE3-DA61E6B24E8A}.Release|Any CPU.ActiveCfg = Release|Any CPU
		{230E1C8E-45AE-4944-8CE3-DA61E6B24E8A}.Release|Any CPU.Build.0 = Release|Any CPU
	EndGlobalSection
	GlobalSection(SolutionProperties) = preSolution
		HideSolutionNode = FALSE
	EndGlobalSection
	GlobalSection(ExtensibilityGlobals) = postSolution
		SolutionGuid = {710730B0-E98F-4683-8E9D-101D8EE5BE5C}
	EndGlobalSection
EndGlobal
